# THIS IS AN AUTOGENERATED FILE. DO NOT EDIT THIS FILE DIRECTLY.
# yarn lockfile v1


async-limiter@^1.0.0:
  version "1.0.0"
  resolved "https://registry.npm.taobao.org/async-limiter/download/async-limiter-1.0.0.tgz#78faed8c3d074ab81f22b4e985d79e8738f720f8"
  integrity sha1-ePrtjD0HSrgfIrTphdeehzj3IPg=

ws@^7.1.1:
  version "7.1.1"
  resolved "https://registry.npm.taobao.org/ws/download/ws-7.1.1.tgz#f9942dc868b6dffb72c14fd8f2ba05f77a4d5983"
  integrity sha1-+ZQtyGi23/tywU/Y8roF93pNWYM=
  dependencies:
    async-limiter "^1.0.0"
